
Microsoft Visual Studio Solution File, Format Version 11.00
# Visual Studio 2010
Project("{FAE04EC0-301F-11D3-BF4B-00C04F79EFBC}") = "WorkWithAPI", "WorkWithAPI\WorkWithAPI.csproj", "{9F89AC47-49F3-4E43-AD91-37EF6CD21F34}"
EndProject
Global
	GlobalSection(SolutionConfigurationPlatforms) = preSolution
		Debug|Any CPU = Debug|Any CPU
		Release|Any CPU = Release|Any CPU
	EndGlobalSection
	GlobalSection(ProjectConfigurationPlatforms) = postSolution
		{9F89AC47-49F3-4E43-AD91-37EF6CD21F34}.Debug|Any CPU.ActiveCfg = Debug|Any CPU
		{9F89AC47-49F3-4E43-AD91-37EF6CD21F34}.Debug|Any CPU.Build.0 = Debug|Any CPU
		{9F89AC47-49F3-4E43-AD91-37EF6CD21F34}.Release|Any CPU.ActiveCfg = Release|Any CPU
		{9F89AC47-49F3-4E43-AD91-37EF6CD21F34}.Release|Any CPU.Build.0 = Release|Any CPU
	EndGlobalSection
	GlobalSection(SolutionProperties) = preSolution
		HideSolutionNode = FALSE
	EndGlobalSection
EndGlobal
